
Microsoft Visual Studio Solution File, Format Version 12.00
# Visual Studio Version 16
VisualStudioVersion = 16.0.31515.178
MinimumVisualStudioVersion = 10.0.40219.1
Project("{FAE04EC0-301F-11D3-BF4B-00C04F79EFBC}") = "Slotkin_WPFDemo", "Slotkin_WPFDemo.csproj", "{A6429731-82BF-45DB-AD89-B6A16ADACB69}"
EndProject
Global
	GlobalSection(SolutionConfigurationPlatforms) = preSolution
		Debug|Any CPU = Debug|Any CPU
		Release|Any CPU = Release|Any CPU
	EndGlobalSection
	GlobalSection(ProjectConfigurationPlatforms) = postSolution
		{A6429731-82BF-45DB-AD89-B6A16ADACB69}.Debug|Any CPU.ActiveCfg = Debug|Any CPU
		{A6429731-82BF-45DB-AD89-B6A16ADACB69}.Debug|Any CPU.Build.0 = Debug|Any CPU
		{A6429731-82BF-45DB-AD89-B6A16ADACB69}.Release|Any CPU.ActiveCfg = Release|Any CPU
		{A6429731-82BF-45DB-AD89-B6A16ADACB69}.Release|Any CPU.Build.0 = Release|Any CPU
	EndGlobalSection
	GlobalSection(SolutionProperties) = preSolution
		HideSolutionNode = FALSE
	EndGlobalSection
	GlobalSection(ExtensibilityGlobals) = postSolution
		SolutionGuid = {1CD7E06B-C6AE-46DE-991E-FE20BDF2E3A8}
	EndGlobalSection
EndGlobal
